
Microsoft Visual Studio Solution File, Format Version 12.00
# Visual Studio 2013
VisualStudioVersion = 12.0.40629.0
MinimumVisualStudioVersion = 10.0.40219.1
Project("{FAE04EC0-301F-11D3-BF4B-00C04F79EFBC}") = "DCM_1", "DCM_1\DCM_1.csproj", "{DFF8EE9B-4463-44A4-AF21-34B7166C9C46}"
EndProject
Project("{FAE04EC0-301F-11D3-BF4B-00C04F79EFBC}") = "Core", "Core\Core.csproj", "{D5B56684-0C33-4195-B3D6-D1576B739E42}"
EndProject
Project("{FAE04EC0-301F-11D3-BF4B-00C04F79EFBC}") = "HaarCSharp", "HaarCSharp\HaarCSharp.csproj", "{EB65E31D-DA49-4467-B869-D4D9DAA7E98A}"
EndProject
Project("{2150E333-8FDC-42A3-9474-1A3956D46DE8}") = ".nuget", ".nuget", "{3159A8A1-BA37-41F2-80E5-BA2909369E5B}"
	ProjectSection(SolutionItems) = preProject
		.nuget\NuGet.Config = .nuget\NuGet.Config
		.nuget\NuGet.exe = .nuget\NuGet.exe
		.nuget\NuGet.targets = .nuget\NuGet.targets
	EndProjectSection
EndProject
Project("{FAE04EC0-301F-11D3-BF4B-00C04F79EFBC}") = "Huffman", "Huffman\Huffman.csproj", "{722E2C9F-6561-49E3-A325-4A305F389A2B}"
EndProject
Global
	GlobalSection(SolutionConfigurationPlatforms) = preSolution
		Debug|Any CPU = Debug|Any CPU
		Debug|x86 = Debug|x86
		Generate|Any CPU = Generate|Any CPU
		Generate|x86 = Generate|x86
		Release|Any CPU = Release|Any CPU
		Release|x86 = Release|x86
	EndGlobalSection
	GlobalSection(ProjectConfigurationPlatforms) = postSolution
		{DFF8EE9B-4463-44A4-AF21-34B7166C9C46}.Debug|Any CPU.ActiveCfg = Debug|Any CPU
		{DFF8EE9B-4463-44A4-AF21-34B7166C9C46}.Debug|Any CPU.Build.0 = Debug|Any CPU
		{DFF8EE9B-4463-44A4-AF21-34B7166C9C46}.Debug|x86.ActiveCfg = Debug|Any CPU
		{DFF8EE9B-4463-44A4-AF21-34B7166C9C46}.Generate|Any CPU.ActiveCfg = Release|Any CPU
		{DFF8EE9B-4463-44A4-AF21-34B7166C9C46}.Generate|Any CPU.Build.0 = Release|Any CPU
		{DFF8EE9B-4463-44A4-AF21-34B7166C9C46}.Generate|x86.ActiveCfg = Release|Any CPU
		{DFF8EE9B-4463-44A4-AF21-34B7166C9C46}.Release|Any CPU.ActiveCfg = Release|Any CPU
		{DFF8EE9B-4463-44A4-AF21-34B7166C9C46}.Release|Any CPU.Build.0 = Release|Any CPU
		{DFF8EE9B-4463-44A4-AF21-34B7166C9C46}.Release|x86.ActiveCfg = Release|Any CPU
		{D5B56684-0C33-4195-B3D6-D1576B739E42}.Debug|Any CPU.ActiveCfg = Debug|Any CPU
		{D5B56684-0C33-4195-B3D6-D1576B739E42}.Debug|Any CPU.Build.0 = Debug|Any CPU
		{D5B56684-0C33-4195-B3D6-D1576B739E42}.Debug|x86.ActiveCfg = Debug|Any CPU
		{D5B56684-0C33-4195-B3D6-D1576B739E42}.Generate|Any CPU.ActiveCfg = Release|Any CPU
		{D5B56684-0C33-4195-B3D6-D1576B739E42}.Generate|Any CPU.Build.0 = Release|Any CPU
		{D5B56684-0C33-4195-B3D6-D1576B739E42}.Generate|x86.ActiveCfg = Release|Any CPU
		{D5B56684-0C33-4195-B3D6-D1576B739E42}.Release|Any CPU.ActiveCfg = Release|Any CPU
		{D5B56684-0C33-4195-B3D6-D1576B739E42}.Release|Any CPU.Build.0 = Release|Any CPU
		{D5B56684-0C33-4195-B3D6-D1576B739E42}.Release|x86.ActiveCfg = Release|Any CPU
		{EB65E31D-DA49-4467-B869-D4D9DAA7E98A}.Debug|Any CPU.ActiveCfg = Debug|Any CPU
		{EB65E31D-DA49-4467-B869-D4D9DAA7E98A}.Debug|Any CPU.Build.0 = Debug|Any CPU
		{EB65E31D-DA49-4467-B869-D4D9DAA7E98A}.Debug|x86.ActiveCfg = Debug|Any CPU
		{EB65E31D-DA49-4467-B869-D4D9DAA7E98A}.Generate|Any CPU.ActiveCfg = Release|Any CPU
		{EB65E31D-DA49-4467-B869-D4D9DAA7E98A}.Generate|Any CPU.Build.0 = Release|Any CPU
		{EB65E31D-DA49-4467-B869-D4D9DAA7E98A}.Generate|x86.ActiveCfg = Release|Any CPU
		{EB65E31D-DA49-4467-B869-D4D9DAA7E98A}.Release|Any CPU.ActiveCfg = Release|Any CPU
		{EB65E31D-DA49-4467-B869-D4D9DAA7E98A}.Release|Any CPU.Build.0 = Release|Any CPU
		{EB65E31D-DA49-4467-B869-D4D9DAA7E98A}.Release|x86.ActiveCfg = Release|Any CPU
		{722E2C9F-6561-49E3-A325-4A305F389A2B}.Debug|Any CPU.ActiveCfg = Debug|Any CPU
		{722E2C9F-6561-49E3-A325-4A305F389A2B}.Debug|Any CPU.Build.0 = Debug|Any CPU
		{722E2C9F-6561-49E3-A325-4A305F389A2B}.Debug|x86.ActiveCfg = Debug|Any CPU
		{722E2C9F-6561-49E3-A325-4A305F389A2B}.Generate|Any CPU.ActiveCfg = Release|Any CPU
		{722E2C9F-6561-49E3-A325-4A305F389A2B}.Generate|Any CPU.Build.0 = Release|Any CPU
		{722E2C9F-6561-49E3-A325-4A305F389A2B}.Generate|x86.ActiveCfg = Release|Any CPU
		{722E2C9F-6561-49E3-A325-4A305F389A2B}.Release|Any CPU.ActiveCfg = Release|Any CPU
		{722E2C9F-6561-49E3-A325-4A305F389A2B}.Release|Any CPU.Build.0 = Release|Any CPU
		{722E2C9F-6561-49E3-A325-4A305F389A2B}.Release|x86.ActiveCfg = Release|Any CPU
	EndGlobalSection
	GlobalSection(SolutionProperties) = preSolution
		HideSolutionNode = FALSE
	EndGlobalSection
EndGlobal
